
Microsoft Visual Studio Solution File, Format Version 12.00
# Visual Studio Version 17
VisualStudioVersion = 17.7.34031.279
MinimumVisualStudioVersion = 10.0.40219.1
Project("{FAE04EC0-301F-11D3-BF4B-00C04F79EFBC}") = "WebService.Infrastructure", "WebService.Infrastructure.csproj", "{AC92BCBA-FBF5-4B73-947D-6D9B3E9060CF}"
EndProject
Global
	GlobalSection(SolutionConfigurationPlatforms) = preSolution
		Debug|Any CPU = Debug|Any CPU
		Release|Any CPU = Release|Any CPU
	EndGlobalSection
	GlobalSection(ProjectConfigurationPlatforms) = postSolution
		{AC92BCBA-FBF5-4B73-947D-6D9B3E9060CF}.Debug|Any CPU.ActiveCfg = Debug|Any CPU
		{AC92BCBA-FBF5-4B73-947D-6D9B3E9060CF}.Debug|Any CPU.Build.0 = Debug|Any CPU
		{AC92BCBA-FBF5-4B73-947D-6D9B3E9060CF}.Release|Any CPU.ActiveCfg = Release|Any CPU
		{AC92BCBA-FBF5-4B73-947D-6D9B3E9060CF}.Release|Any CPU.Build.0 = Release|Any CPU
	EndGlobalSection
	GlobalSection(SolutionProperties) = preSolution
		HideSolutionNode = FALSE
	EndGlobalSection
	GlobalSection(ExtensibilityGlobals) = postSolution
		SolutionGuid = {1ABC401D-39B9-4CF8-BFFA-E8817DBFD90F}
	EndGlobalSection
EndGlobal
